
Microsoft Visual Studio Solution File, Format Version 12.00
# Visual Studio 15
VisualStudioVersion = 15.0.28307.1169
MinimumVisualStudioVersion = 10.0.40219.1
Project("{FAE04EC0-301F-11D3-BF4B-00C04F79EFBC}") = "Dbfirstapp", "Dbfirstapp\Dbfirstapp.csproj", "{AB2F31AD-FCDA-438F-9785-24EDF7A1EF25}"
EndProject
Global
	GlobalSection(SolutionConfigurationPlatforms) = preSolution
		Debug|Any CPU = Debug|Any CPU
		Release|Any CPU = Release|Any CPU
	EndGlobalSection
	GlobalSection(ProjectConfigurationPlatforms) = postSolution
		{AB2F31AD-FCDA-438F-9785-24EDF7A1EF25}.Debug|Any CPU.ActiveCfg = Debug|Any CPU
		{AB2F31AD-FCDA-438F-9785-24EDF7A1EF25}.Debug|Any CPU.Build.0 = Debug|Any CPU
		{AB2F31AD-FCDA-438F-9785-24EDF7A1EF25}.Release|Any CPU.ActiveCfg = Release|Any CPU
		{AB2F31AD-FCDA-438F-9785-24EDF7A1EF25}.Release|Any CPU.Build.0 = Release|Any CPU
	EndGlobalSection
	GlobalSection(SolutionProperties) = preSolution
		HideSolutionNode = FALSE
	EndGlobalSection
	GlobalSection(ExtensibilityGlobals) = postSolution
		SolutionGuid = {0736E478-B7C7-45DC-AADF-ACFCBC9F135B}
	EndGlobalSection
EndGlobal
